
Microsoft Visual Studio Solution File, Format Version 12.00
# Visual Studio Version 17
VisualStudioVersion = 17.11.35327.3
MinimumVisualStudioVersion = 10.0.40219.1
Project("{FAE04EC0-301F-11D3-BF4B-00C04F79EFBC}") = "DragAndDrop", "DragAndDrop\DragAndDrop.csproj", "{42AC16A2-EA7D-4044-970B-A58C495B96F6}"
EndProject
Global
	GlobalSection(SolutionConfigurationPlatforms) = preSolution
		Debug|Any CPU = Debug|Any CPU
		Release|Any CPU = Release|Any CPU
	EndGlobalSection
	GlobalSection(ProjectConfigurationPlatforms) = postSolution
		{42AC16A2-EA7D-4044-970B-A58C495B96F6}.Debug|Any CPU.ActiveCfg = Debug|Any CPU
		{42AC16A2-EA7D-4044-970B-A58C495B96F6}.Debug|Any CPU.Build.0 = Debug|Any CPU
		{42AC16A2-EA7D-4044-970B-A58C495B96F6}.Release|Any CPU.ActiveCfg = Release|Any CPU
		{42AC16A2-EA7D-4044-970B-A58C495B96F6}.Release|Any CPU.Build.0 = Release|Any CPU
	EndGlobalSection
	GlobalSection(SolutionProperties) = preSolution
		HideSolutionNode = FALSE
	EndGlobalSection
	GlobalSection(ExtensibilityGlobals) = postSolution
		SolutionGuid = {3D205CCF-995E-45A2-8E9E-348DAD3A6C01}
	EndGlobalSection
EndGlobal
